
Microsoft Visual Studio Solution File, Format Version 12.00
# Visual Studio 2013
VisualStudioVersion = 12.0.40629.0
MinimumVisualStudioVersion = 10.0.40219.1
Project("{8BC9CEB8-8B4A-11D0-8D11-00A0C91BC942}") = "Ex6_leftRotate", "Ex6_leftRotate\Ex6_leftRotate.vcxproj", "{033013CC-C2C7-4A3A-A060-544208A7D1A9}"
EndProject
Global
	GlobalSection(SolutionConfigurationPlatforms) = preSolution
		Debug|Win32 = Debug|Win32
		Release|Win32 = Release|Win32
	EndGlobalSection
	GlobalSection(ProjectConfigurationPlatforms) = postSolution
		{033013CC-C2C7-4A3A-A060-544208A7D1A9}.Debug|Win32.ActiveCfg = Debug|Win32
		{033013CC-C2C7-4A3A-A060-544208A7D1A9}.Debug|Win32.Build.0 = Debug|Win32
		{033013CC-C2C7-4A3A-A060-544208A7D1A9}.Release|Win32.ActiveCfg = Release|Win32
		{033013CC-C2C7-4A3A-A060-544208A7D1A9}.Release|Win32.Build.0 = Release|Win32
	EndGlobalSection
	GlobalSection(SolutionProperties) = preSolution
		HideSolutionNode = FALSE
	EndGlobalSection
EndGlobal
