
Microsoft Visual Studio Solution File, Format Version 12.00
# Visual Studio 2013
VisualStudioVersion = 12.0.40629.0
MinimumVisualStudioVersion = 10.0.40219.1
Project("{8BC9CEB8-8B4A-11D0-8D11-00A0C91BC942}") = "Ex_FindIP", "Ex_FindIP\Ex_FindIP.vcxproj", "{E2B8205B-B8BE-4192-90E9-0FD84FA62568}"
EndProject
Global
	GlobalSection(SolutionConfigurationPlatforms) = preSolution
		Debug|Win32 = Debug|Win32
		Release|Win32 = Release|Win32
	EndGlobalSection
	GlobalSection(ProjectConfigurationPlatforms) = postSolution
		{E2B8205B-B8BE-4192-90E9-0FD84FA62568}.Debug|Win32.ActiveCfg = Debug|Win32
		{E2B8205B-B8BE-4192-90E9-0FD84FA62568}.Debug|Win32.Build.0 = Debug|Win32
		{E2B8205B-B8BE-4192-90E9-0FD84FA62568}.Release|Win32.ActiveCfg = Release|Win32
		{E2B8205B-B8BE-4192-90E9-0FD84FA62568}.Release|Win32.Build.0 = Release|Win32
	EndGlobalSection
	GlobalSection(SolutionProperties) = preSolution
		HideSolutionNode = FALSE
	EndGlobalSection
EndGlobal
